
Microsoft Visual Studio Solution File, Format Version 12.00
# Visual Studio Version 17
VisualStudioVersion = 17.11.35222.181
MinimumVisualStudioVersion = 10.0.40219.1
Project("{FAE04EC0-301F-11D3-BF4B-00C04F79EFBC}") = "Books", "Books.csproj", "{BB79C30D-FB6A-400F-9E9B-96F12B0369D3}"
EndProject
Global
	GlobalSection(SolutionConfigurationPlatforms) = preSolution
		Debug|Any CPU = Debug|Any CPU
		Release|Any CPU = Release|Any CPU
	EndGlobalSection
	GlobalSection(ProjectConfigurationPlatforms) = postSolution
		{BB79C30D-FB6A-400F-9E9B-96F12B0369D3}.Debug|Any CPU.ActiveCfg = Debug|Any CPU
		{BB79C30D-FB6A-400F-9E9B-96F12B0369D3}.Debug|Any CPU.Build.0 = Debug|Any CPU
		{BB79C30D-FB6A-400F-9E9B-96F12B0369D3}.Release|Any CPU.ActiveCfg = Release|Any CPU
		{BB79C30D-FB6A-400F-9E9B-96F12B0369D3}.Release|Any CPU.Build.0 = Release|Any CPU
	EndGlobalSection
	GlobalSection(SolutionProperties) = preSolution
		HideSolutionNode = FALSE
	EndGlobalSection
	GlobalSection(ExtensibilityGlobals) = postSolution
		SolutionGuid = {9D28320D-443C-46DE-857A-BD0F66C4DBDE}
	EndGlobalSection
EndGlobal
